
Microsoft Visual Studio Solution File, Format Version 12.00
# Visual Studio Version 16
VisualStudioVersion = 16.0.29709.97
MinimumVisualStudioVersion = 10.0.40219.1
Project("{2150E333-8FDC-42A3-9474-1A3956D46DE8}") = "src", "src", "{BE59EC77-C513-49CD-A769-D8037CC8772D}"
EndProject
Project("{2150E333-8FDC-42A3-9474-1A3956D46DE8}") = "tests", "tests", "{F9470F7E-017A-40E8-AA3D-412F054099C4}"
EndProject
Project("{9A19103F-16F7-4668-BE54-9A1E7A4F7556}") = "Api", "src\Api\Api.csproj", "{3D3F60CB-F15F-43CF-98B4-0AAF31588472}"
EndProject
Project("{9A19103F-16F7-4668-BE54-9A1E7A4F7556}") = "Application", "src\Application\Application.csproj", "{0CC5BFC9-EAF8-46C9-9DD4-A4CF46C5623F}"
EndProject
Project("{9A19103F-16F7-4668-BE54-9A1E7A4F7556}") = "Domain", "src\Domain\Domain.csproj", "{AEE470A5-4F06-42FE-A783-4838F166FCDB}"
EndProject
Project("{9A19103F-16F7-4668-BE54-9A1E7A4F7556}") = "Infrastructure", "src\Infrastructure\Infrastructure.csproj", "{00F9DE63-FDFA-4695-A895-D0AD60E6719D}"
EndProject
Project("{9A19103F-16F7-4668-BE54-9A1E7A4F7556}") = "Persistence", "src\Persistence\Persistence.csproj", "{EC4EF06C-CD59-466D-B376-F3D0F292832D}"
EndProject
Project("{9A19103F-16F7-4668-BE54-9A1E7A4F7556}") = "UnitTests", "tests\UnitTests\UnitTests.csproj", "{9E331AE9-A84D-4BAD-A037-CB1080A4E4FA}"
EndProject
Project("{9A19103F-16F7-4668-BE54-9A1E7A4F7556}") = "IntegrationTests", "tests\IntegrationTests\IntegrationTests.csproj", "{C4B3AAAA-86F8-457E-861E-309CE03EC56B}"
EndProject
Project("{9A19103F-16F7-4668-BE54-9A1E7A4F7556}") = "FunctionalTests", "tests\FunctionalTests\FunctionalTests.csproj", "{33739FA8-732E-4295-B451-646EC97194CC}"
EndProject
Global
	GlobalSection(SolutionConfigurationPlatforms) = preSolution
		Debug|Any CPU = Debug|Any CPU
		Release|Any CPU = Release|Any CPU
	EndGlobalSection
	GlobalSection(ProjectConfigurationPlatforms) = postSolution
		{3D3F60CB-F15F-43CF-98B4-0AAF31588472}.Debug|Any CPU.ActiveCfg = Debug|Any CPU
		{3D3F60CB-F15F-43CF-98B4-0AAF31588472}.Debug|Any CPU.Build.0 = Debug|Any CPU
		{3D3F60CB-F15F-43CF-98B4-0AAF31588472}.Release|Any CPU.ActiveCfg = Release|Any CPU
		{3D3F60CB-F15F-43CF-98B4-0AAF31588472}.Release|Any CPU.Build.0 = Release|Any CPU
		{0CC5BFC9-EAF8-46C9-9DD4-A4CF46C5623F}.Debug|Any CPU.ActiveCfg = Debug|Any CPU
		{0CC5BFC9-EAF8-46C9-9DD4-A4CF46C5623F}.Debug|Any CPU.Build.0 = Debug|Any CPU
		{0CC5BFC9-EAF8-46C9-9DD4-A4CF46C5623F}.Release|Any CPU.ActiveCfg = Release|Any CPU
		{0CC5BFC9-EAF8-46C9-9DD4-A4CF46C5623F}.Release|Any CPU.Build.0 = Release|Any CPU
		{AEE470A5-4F06-42FE-A783-4838F166FCDB}.Debug|Any CPU.ActiveCfg = Debug|Any CPU
		{AEE470A5-4F06-42FE-A783-4838F166FCDB}.Debug|Any CPU.Build.0 = Debug|Any CPU
		{AEE470A5-4F06-42FE-A783-4838F166FCDB}.Release|Any CPU.ActiveCfg = Release|Any CPU
		{AEE470A5-4F06-42FE-A783-4838F166FCDB}.Release|Any CPU.Build.0 = Release|Any CPU
		{00F9DE63-FDFA-4695-A895-D0AD60E6719D}.Debug|Any CPU.ActiveCfg = Debug|Any CPU
		{00F9DE63-FDFA-4695-A895-D0AD60E6719D}.Debug|Any CPU.Build.0 = Debug|Any CPU
		{00F9DE63-FDFA-4695-A895-D0AD60E6719D}.Release|Any CPU.ActiveCfg = Release|Any CPU
		{00F9DE63-FDFA-4695-A895-D0AD60E6719D}.Release|Any CPU.Build.0 = Release|Any CPU
		{EC4EF06C-CD59-466D-B376-F3D0F292832D}.Debug|Any CPU.ActiveCfg = Debug|Any CPU
		{EC4EF06C-CD59-466D-B376-F3D0F292832D}.Debug|Any CPU.Build.0 = Debug|Any CPU
		{EC4EF06C-CD59-466D-B376-F3D0F292832D}.Release|Any CPU.ActiveCfg = Release|Any CPU
		{EC4EF06C-CD59-466D-B376-F3D0F292832D}.Release|Any CPU.Build.0 = Release|Any CPU
		{9E331AE9-A84D-4BAD-A037-CB1080A4E4FA}.Debug|Any CPU.ActiveCfg = Debug|Any CPU
		{9E331AE9-A84D-4BAD-A037-CB1080A4E4FA}.Debug|Any CPU.Build.0 = Debug|Any CPU
		{9E331AE9-A84D-4BAD-A037-CB1080A4E4FA}.Release|Any CPU.ActiveCfg = Release|Any CPU
		{9E331AE9-A84D-4BAD-A037-CB1080A4E4FA}.Release|Any CPU.Build.0 = Release|Any CPU
		{C4B3AAAA-86F8-457E-861E-309CE03EC56B}.Debug|Any CPU.ActiveCfg = Debug|Any CPU
		{C4B3AAAA-86F8-457E-861E-309CE03EC56B}.Debug|Any CPU.Build.0 = Debug|Any CPU
		{C4B3AAAA-86F8-457E-861E-309CE03EC56B}.Release|Any CPU.ActiveCfg = Release|Any CPU
		{C4B3AAAA-86F8-457E-861E-309CE03EC56B}.Release|Any CPU.Build.0 = Release|Any CPU
		{33739FA8-732E-4295-B451-646EC97194CC}.Debug|Any CPU.ActiveCfg = Debug|Any CPU
		{33739FA8-732E-4295-B451-646EC97194CC}.Debug|Any CPU.Build.0 = Debug|Any CPU
		{33739FA8-732E-4295-B451-646EC97194CC}.Release|Any CPU.ActiveCfg = Release|Any CPU
		{33739FA8-732E-4295-B451-646EC97194CC}.Release|Any CPU.Build.0 = Release|Any CPU
	EndGlobalSection
	GlobalSection(SolutionProperties) = preSolution
		HideSolutionNode = FALSE
	EndGlobalSection
	GlobalSection(NestedProjects) = preSolution
		{3D3F60CB-F15F-43CF-98B4-0AAF31588472} = {BE59EC77-C513-49CD-A769-D8037CC8772D}
		{0CC5BFC9-EAF8-46C9-9DD4-A4CF46C5623F} = {BE59EC77-C513-49CD-A769-D8037CC8772D}
		{AEE470A5-4F06-42FE-A783-4838F166FCDB} = {BE59EC77-C513-49CD-A769-D8037CC8772D}
		{00F9DE63-FDFA-4695-A895-D0AD60E6719D} = {BE59EC77-C513-49CD-A769-D8037CC8772D}
		{EC4EF06C-CD59-466D-B376-F3D0F292832D} = {BE59EC77-C513-49CD-A769-D8037CC8772D}
		{9E331AE9-A84D-4BAD-A037-CB1080A4E4FA} = {F9470F7E-017A-40E8-AA3D-412F054099C4}
		{C4B3AAAA-86F8-457E-861E-309CE03EC56B} = {F9470F7E-017A-40E8-AA3D-412F054099C4}
		{33739FA8-732E-4295-B451-646EC97194CC} = {F9470F7E-017A-40E8-AA3D-412F054099C4}
	EndGlobalSection
	GlobalSection(ExtensibilityGlobals) = postSolution
		SolutionGuid = {7E705582-2F80-4620-98FC-81CE25BF6126}
	EndGlobalSection
EndGlobal
